
Microsoft Visual Studio Solution File, Format Version 12.00
# Visual Studio 15
VisualStudioVersion = 15.0.28010.2036
MinimumVisualStudioVersion = 10.0.40219.1
Project("{9A19103F-16F7-4668-BE54-9A1E7A4F7556}") = "AccountingPlanner", "AccountingPlanner\AccountingPlanner.csproj", "{EAA3B08B-0198-4361-B42F-DB0303C00965}"
EndProject
Global
	GlobalSection(SolutionConfigurationPlatforms) = preSolution
		Debug|Any CPU = Debug|Any CPU
		Release|Any CPU = Release|Any CPU
	EndGlobalSection
	GlobalSection(ProjectConfigurationPlatforms) = postSolution
		{EAA3B08B-0198-4361-B42F-DB0303C00965}.Debug|Any CPU.ActiveCfg = Debug|Any CPU
		{EAA3B08B-0198-4361-B42F-DB0303C00965}.Debug|Any CPU.Build.0 = Debug|Any CPU
		{EAA3B08B-0198-4361-B42F-DB0303C00965}.Release|Any CPU.ActiveCfg = Release|Any CPU
		{EAA3B08B-0198-4361-B42F-DB0303C00965}.Release|Any CPU.Build.0 = Release|Any CPU
	EndGlobalSection
	GlobalSection(SolutionProperties) = preSolution
		HideSolutionNode = FALSE
	EndGlobalSection
	GlobalSection(ExtensibilityGlobals) = postSolution
		SolutionGuid = {11473709-C1CD-43E3-BF98-DC74026CDFE8}
	EndGlobalSection
EndGlobal
